// !$*UTF8*$!
{
	archiveVersion = 1;
	classes = {
	};
	objectVersion = 50;
	objects = {

/* Begin PBXBuildFile section */
		56AC74FD26022B8000083142 /* AppDelegate.swift in Sources */ = {isa = PBXBuildFile; fileRef = 56AC74FC26022B8000083142 /* AppDelegate.swift */; };
		56AC74FF26022B8000083142 /* SceneDelegate.swift in Sources */ = {isa = PBXBuildFile; fileRef = 56AC74FE26022B8000083142 /* SceneDelegate.swift */; };
		56AC750126022B8000083142 /* ViewController.swift in Sources */ = {isa = PBXBuildFile; fileRef = 56AC750026022B8000083142 /* ViewController.swift */; };
		56AC750426022B8000083142 /* Main.storyboard in Resources */ = {isa = PBXBuildFile; fileRef = 56AC750226022B8000083142 /* Main.storyboard */; };
		56AC750726022B8000083142 /* gif.xcdatamodeld in Sources */ = {isa = PBXBuildFile; fileRef = 56AC750526022B8000083142 /* gif.xcdatamodeld */; };
		56AC750926022B8300083142 /* Assets.xcassets in Resources */ = {isa = PBXBuildFile; fileRef = 56AC750826022B8300083142 /* Assets.xcassets */; };
		56AC750C26022B8300083142 /* LaunchScreen.storyboard in Resources */ = {isa = PBXBuildFile; fileRef = 56AC750A26022B8300083142 /* LaunchScreen.storyboard */; };
		56AC751726022B8300083142 /* gifTests.swift in Sources */ = {isa = PBXBuildFile; fileRef = 56AC751626022B8300083142 /* gifTests.swift */; };
		56AC752226022B8400083142 /* gifUITests.swift in Sources */ = {isa = PBXBuildFile; fileRef = 56AC752126022B8400083142 /* gifUITests.swift */; };
		56AC753326022C0100083142 /* UIImage+Gif.swift in Sources */ = {isa = PBXBuildFile; fileRef = 56AC753226022C0100083142 /* UIImage+Gif.swift */; };
		56AC753826022C5400083142 /* tenor.gif in Resources */ = {isa = PBXBuildFile; fileRef = 56AC753726022C5400083142 /* tenor.gif */; };
		56AC753D26022D3A00083142 /* splash_image.gif in Resources */ = {isa = PBXBuildFile; fileRef = 56AC753C26022D3A00083142 /* splash_image.gif */; };
/* End PBXBuildFile section */

/* Begin PBXContainerItemProxy section */
		56AC751326022B8300083142 /* PBXContainerItemProxy */ = {
			isa = PBXContainerItemProxy;
			containerPortal = 56AC74F126022B8000083142 /* Project object */;
			proxyType = 1;
			remoteGlobalIDString = 56AC74F826022B8000083142;
			remoteInfo = gif;
		};
		56AC751E26022B8400083142 /* PBXContainerItemProxy */ = {
			isa = PBXContainerItemProxy;
			containerPortal = 56AC74F126022B8000083142 /* Project object */;
			proxyType = 1;
			remoteGlobalIDString = 56AC74F826022B8000083142;
			remoteInfo = gif;
		};
/* End PBXContainerItemProxy section */

/* Begin PBXFileReference section */
		56AC74F926022B8000083142 /* gif.app */ = {isa = PBXFileReference; explicitFileType = wrapper.application; includeInIndex = 0; path = gif.app; sourceTree = BUILT_PRODUCTS_DIR; };
		56AC74FC26022B8000083142 /* AppDelegate.swift */ = {isa = PBXFileReference; lastKnownFileType = sourcecode.swift; path = AppDelegate.swift; sourceTree = "<group>"; };
		56AC74FE26022B8000083142 /* SceneDelegate.swift */ = {isa = PBXFileReference; lastKnownFileType = sourcecode.swift; path = SceneDelegate.swift; sourceTree = "<group>"; };
		56AC750026022B8000083142 /* ViewController.swift */ = {isa = PBXFileReference; lastKnownFileType = sourcecode.swift; path = ViewController.swift; sourceTree = "<group>"; };
		56AC750326022B8000083142 /* Base */ = {isa = PBXFileReference; lastKnownFileType = file.storyboard; name = Base; path = Base.lproj/Main.storyboard; sourceTree = "<group>"; };
		56AC750626022B8000083142 /* gif.xcdatamodel */ = {isa = PBXFileReference; lastKnownFileType = wrapper.xcdatamodel; path = gif.xcdatamodel; sourceTree = "<group>"; };
		56AC750826022B8300083142 /* Assets.xcassets */ = {isa = PBXFileReference; lastKnownFileType = folder.assetcatalog; path = Assets.xcassets; sourceTree = "<group>"; };
		56AC750B26022B8300083142 /* Base */ = {isa = PBXFileReference; lastKnownFileType = file.storyboard; name = Base; path = Base.lproj/LaunchScreen.storyboard; sourceTree = "<group>"; };
		56AC750D26022B8300083142 /* Info.plist */ = {isa = PBXFileReference; lastKnownFileType = text.plist.xml; path = Info.plist; sourceTree = "<group>"; };
		56AC751226022B8300083142 /* gifTests.xctest */ = {isa = PBXFileReference; explicitFileType = wrapper.cfbundle; includeInIndex = 0; path = gifTests.xctest; sourceTree = BUILT_PRODUCTS_DIR; };
		56AC751626022B8300083142 /* gifTests.swift */ = {isa = PBXFileReference; lastKnownFileType = sourcecode.swift; path = gifTests.swift; sourceTree = "<group>"; };
		56AC751826022B8300083142 /* Info.plist */ = {isa = PBXFileReference; lastKnownFileType = text.plist.xml; path = Info.plist; sourceTree = "<group>"; };
		56AC751D26022B8400083142 /* gifUITests.xctest */ = {isa = PBXFileReference; explicitFileType = wrapper.cfbundle; includeInIndex = 0; path = gifUITests.xctest; sourceTree = BUILT_PRODUCTS_DIR; };
		56AC752126022B8400083142 /* gifUITests.swift */ = {isa = PBXFileReference; lastKnownFileType = sourcecode.swift; path = gifUITests.swift; sourceTree = "<group>"; };
		56AC752326022B8400083142 /* Info.plist */ = {isa = PBXFileReference; lastKnownFileType = text.plist.xml; path = Info.plist; sourceTree = "<group>"; };
		56AC753226022C0100083142 /* UIImage+Gif.swift */ = {isa = PBXFileReference; fileEncoding = 4; lastKnownFileType = sourcecode.swift; path = "UIImage+Gif.swift"; sourceTree = "<group>"; };
		56AC753726022C5400083142 /* tenor.gif */ = {isa = PBXFileReference; lastKnownFileType = image.gif; path = tenor.gif; sourceTree = "<group>"; };
		56AC753C26022D3A00083142 /* splash_image.gif */ = {isa = PBXFileReference; lastKnownFileType = image.gif; path = splash_image.gif; sourceTree = "<group>"; };
/* End PBXFileReference section */

/* Begin PBXFrameworksBuildPhase section */
		56AC74F626022B8000083142 /* Frameworks */ = {
			isa = PBXFrameworksBuildPhase;
			buildActionMask = 2147483647;
			files = (
			);
			runOnlyForDeploymentPostprocessing = 0;
		};
		56AC750F26022B8300083142 /* Frameworks */ = {
			isa = PBXFrameworksBuildPhase;
			buildActionMask = 2147483647;
			files = (
			);
			runOnlyForDeploymentPostprocessing = 0;
		};
		56AC751A26022B8400083142 /* Frameworks */ = {
			isa = PBXFrameworksBuildPhase;
			buildActionMask = 2147483647;
			files = (
			);
			runOnlyForDeploymentPostprocessing = 0;
		};
/* End PBXFrameworksBuildPhase section */

/* Begin PBXGroup section */
		56AC74F026022B8000083142 = {
			isa = PBXGroup;
			children = (
				56AC74FB26022B8000083142 /* gif */,
				56AC751526022B8300083142 /* gifTests */,
				56AC752026022B8400083142 /* gifUITests */,
				56AC74FA26022B8000083142 /* Products */,
			);
			sourceTree = "<group>";
		};
		56AC74FA26022B8000083142 /* Products */ = {
			isa = PBXGroup;
			children = (
				56AC74F926022B8000083142 /* gif.app */,
				56AC751226022B8300083142 /* gifTests.xctest */,
				56AC751D26022B8400083142 /* gifUITests.xctest */,
			);
			name = Products;
			sourceTree = "<group>";
		};
		56AC74FB26022B8000083142 /* gif */ = {
			isa = PBXGroup;
			children = (
				56AC74FC26022B8000083142 /* AppDelegate.swift */,
				56AC74FE26022B8000083142 /* SceneDelegate.swift */,
				56AC750026022B8000083142 /* ViewController.swift */,
				56AC750226022B8000083142 /* Main.storyboard */,
				56AC750826022B8300083142 /* Assets.xcassets */,
				56AC753726022C5400083142 /* tenor.gif */,
				56AC753C26022D3A00083142 /* splash_image.gif */,
				56AC750A26022B8300083142 /* LaunchScreen.storyboard */,
				56AC750D26022B8300083142 /* Info.plist */,
				56AC753226022C0100083142 /* UIImage+Gif.swift */,
				56AC750526022B8000083142 /* gif.xcdatamodeld */,
			);
			path = gif;
			sourceTree = "<group>";
		};
		56AC751526022B8300083142 /* gifTests */ = {
			isa = PBXGroup;
			children = (
				56AC751626022B8300083142 /* gifTests.swift */,
				56AC751826022B8300083142 /* Info.plist */,
			);
			path = gifTests;
			sourceTree = "<group>";
		};
		56AC752026022B8400083142 /* gifUITests */ = {
			isa = PBXGroup;
			children = (
				56AC752126022B8400083142 /* gifUITests.swift */,
				56AC752326022B8400083142 /* Info.plist */,
			);
			path = gifUITests;
			sourceTree = "<group>";
		};
/* End PBXGroup section */

/* Begin PBXNativeTarget section */
		56AC74F826022B8000083142 /* gif */ = {
			isa = PBXNativeTarget;
			buildConfigurationList = 56AC752626022B8400083142 /* Build configuration list for PBXNativeTarget "gif" */;
			buildPhases = (
				56AC74F526022B8000083142 /* Sources */,
				56AC74F626022B8000083142 /* Frameworks */,
				56AC74F726022B8000083142 /* Resources */,
			);
			buildRules = (
			);
			dependencies = (
			);
			name = gif;
			productName = gif;
			productReference = 56AC74F926022B8000083142 /* gif.app */;
			productType = "com.apple.product-type.application";
		};
		56AC751126022B8300083142 /* gifTests */ = {
			isa = PBXNativeTarget;
			buildConfigurationList = 56AC752926022B8400083142 /* Build configuration list for PBXNativeTarget "gifTests" */;
			buildPhases = (
				56AC750E26022B8300083142 /* Sources */,
				56AC750F26022B8300083142 /* Frameworks */,
				56AC751026022B8300083142 /* Resources */,
			);
			buildRules = (
			);
			dependencies = (
				56AC751426022B8300083142 /* PBXTargetDependency */,
			);
			name = gifTests;
			productName = gifTests;
			productReference = 56AC751226022B8300083142 /* gifTests.xctest */;
			productType = "com.apple.product-type.bundle.unit-test";
		};
		56AC751C26022B8400083142 /* gifUITests */ = {
			isa = PBXNativeTarget;
			buildConfigurationList = 56AC752C26022B8400083142 /* Build configuration list for PBXNativeTarget "gifUITests" */;
			buildPhases = (
				56AC751926022B8400083142 /* Sources */,
				56AC751A26022B8400083142 /* Frameworks */,
				56AC751B26022B8400083142 /* Resources */,
			);
			buildRules = (
			);
			dependencies = (
				56AC751F26022B8400083142 /* PBXTargetDependency */,
			);
			name = gifUITests;
			productName = gifUITests;
			productReference = 56AC751D26022B8400083142 /* gifUITests.xctest */;
			productType = "com.apple.product-type.bundle.ui-testing";
		};
/* End PBXNativeTarget section */

/* Begin PBXProject section */
		56AC74F126022B8000083142 /* Project object */ = {
			isa = PBXProject;
			attributes = {
				LastSwiftUpdateCheck = 1230;
				LastUpgradeCheck = 1230;
				TargetAttributes = {
					56AC74F826022B8000083142 = {
						CreatedOnToolsVersion = 12.3;
					};
					56AC751126022B8300083142 = {
						CreatedOnToolsVersion = 12.3;
						TestTargetID = 56AC74F826022B8000083142;
					};
					56AC751C26022B8400083142 = {
						CreatedOnToolsVersion = 12.3;
						TestTargetID = 56AC74F826022B8000083142;
					};
				};
			};
			buildConfigurationList = 56AC74F426022B8000083142 /* Build configuration list for PBXProject "gif" */;
			compatibilityVersion = "Xcode 9.3";
			developmentRegion = en;
			hasScannedForEncodings = 0;
			knownRegions = (
				en,
				Base,
			);
			mainGroup = 56AC74F026022B8000083142;
			productRefGroup = 56AC74FA26022B8000083142 /* Products */;
			projectDirPath = "";
			projectRoot = "";
			targets = (
				56AC74F826022B8000083142 /* gif */,
				56AC751126022B8300083142 /* gifTests */,
				56AC751C26022B8400083142 /* gifUITests */,
			);
		};
/* End PBXProject section */

/* Begin PBXResourcesBuildPhase section */
		56AC74F726022B8000083142 /* Resources */ = {
			isa = PBXResourcesBuildPhase;
			buildActionMask = 2147483647;
			files = (
				56AC750C26022B8300083142 /* LaunchScreen.storyboard in Resources */,
				56AC753D26022D3A00083142 /* splash_image.gif in Resources */,
				56AC753826022C5400083142 /* tenor.gif in Resources */,
				56AC750926022B8300083142 /* Assets.xcassets in Resources */,
				56AC750426022B8000083142 /* Main.storyboard in Resources */,
			);
			runOnlyForDeploymentPostprocessing = 0;
		};
		56AC751026022B8300083142 /* Resources */ = {
			isa = PBXResourcesBuildPhase;
			buildActionMask = 2147483647;
			files = (
			);
			runOnlyForDeploymentPostprocessing = 0;
		};
		56AC751B26022B8400083142 /* Resources */ = {
			isa = PBXResourcesBuildPhase;
			buildActionMask = 2147483647;
			files = (
			);
			runOnlyForDeploymentPostprocessing = 0;
		};
/* End PBXResourcesBuildPhase section */

/* Begin PBXSourcesBuildPhase section */
		56AC74F526022B8000083142 /* Sources */ = {
			isa = PBXSourcesBuildPhase;
			buildActionMask = 2147483647;
			files = (
				56AC750126022B8000083142 /* ViewController.swift in Sources */,
				56AC74FD26022B8000083142 /* AppDelegate.swift in Sources */,
				56AC750726022B8000083142 /* gif.xcdatamodeld in Sources */,
				56AC753326022C0100083142 /* UIImage+Gif.swift in Sources */,
				56AC74FF26022B8000083142 /* SceneDelegate.swift in Sources */,
			);
			runOnlyForDeploymentPostprocessing = 0;
		};
		56AC750E26022B8300083142 /* Sources */ = {
			isa = PBXSourcesBuildPhase;
			buildActionMask = 2147483647;
			files = (
				56AC751726022B8300083142 /* gifTests.swift in Sources */,
			);
			runOnlyForDeploymentPostprocessing = 0;
		};
		56AC751926022B8400083142 /* Sources */ = {
			isa = PBXSourcesBuildPhase;
			buildActionMask = 2147483647;
			files = (
				56AC752226022B8400083142 /* gifUITests.swift in Sources */,
			);
			runOnlyForDeploymentPostprocessing = 0;
		};
/* End PBXSourcesBuildPhase section */

/* Begin PBXTargetDependency section */
		56AC751426022B8300083142 /* PBXTargetDependency */ = {
			isa = PBXTargetDependency;
			target = 56AC74F826022B8000083142 /* gif */;
			targetProxy = 56AC751326022B8300083142 /* PBXContainerItemProxy */;
		};
		56AC751F26022B8400083142 /* PBXTargetDependency */ = {
			isa = PBXTargetDependency;
			target = 56AC74F826022B8000083142 /* gif */;
			targetProxy = 56AC751E26022B8400083142 /* PBXContainerItemProxy */;
		};
/* End PBXTargetDependency section */

/* Begin PBXVariantGroup section */
		56AC750226022B8000083142 /* Main.storyboard */ = {
			isa = PBXVariantGroup;
			children = (
				56AC750326022B8000083142 /* Base */,
			);
			name = Main.storyboard;
			sourceTree = "<group>";
		};
		56AC750A26022B8300083142 /* LaunchScreen.storyboard */ = {
			isa = PBXVariantGroup;
			children = (
				56AC750B26022B8300083142 /* Base */,
			);
			name = LaunchScreen.storyboard;
			sourceTree = "<group>";
		};
/* End PBXVariantGroup section */

/* Begin XCBuildConfiguration section */
		56AC752426022B8400083142 /* Debug */ = {
			isa = XCBuildConfiguration;
			buildSettings = {
				ALWAYS_SEARCH_USER_PATHS = NO;
				CLANG_ANALYZER_NONNULL = YES;
				CLANG_ANALYZER_NUMBER_OBJECT_CONVERSION = YES_AGGRESSIVE;
				CLANG_CXX_LANGUAGE_STANDARD = "gnu++14";
				CLANG_CXX_LIBRARY = "libc++";
				CLANG_ENABLE_MODULES = YES;
				CLANG_ENABLE_OBJC_ARC = YES;
				CLANG_ENABLE_OBJC_WEAK = YES;
				CLANG_WARN_BLOCK_CAPTURE_AUTORELEASING = YES;
				CLANG_WARN_BOOL_CONVERSION = YES;
				CLANG_WARN_COMMA = YES;
				CLANG_WARN_CONSTANT_CONVERSION = YES;
				CLANG_WARN_DEPRECATED_OBJC_IMPLEMENTATIONS = YES;
				CLANG_WARN_DIRECT_OBJC_ISA_USAGE = YES_ERROR;
				CLANG_WARN_DOCUMENTATION_COMMENTS = YES;
				CLANG_WARN_EMPTY_BODY = YES;
				CLANG_WARN_ENUM_CONVERSION = YES;
				CLANG_WARN_INFINITE_RECURSION = YES;
				CLANG_WARN_INT_CONVERSION = YES;
				CLANG_WARN_NON_LITERAL_NULL_CONVERSION = YES;
				CLANG_WARN_OBJC_IMPLICIT_RETAIN_SELF = YES;
				CLANG_WARN_OBJC_LITERAL_CONVERSION = YES;
				CLANG_WARN_OBJC_ROOT_CLASS = YES_ERROR;
				CLANG_WARN_QUOTED_INCLUDE_IN_FRAMEWORK_HEADER = YES;
				CLANG_WARN_RANGE_LOOP_ANALYSIS = YES;
				CLANG_WARN_STRICT_PROTOTYPES = YES;
				CLANG_WARN_SUSPICIOUS_MOVE = YES;
				CLANG_WARN_UNGUARDED_AVAILABILITY = YES_AGGRESSIVE;
				CLANG_WARN_UNREACHABLE_CODE = YES;
				CLANG_WARN__DUPLICATE_METHOD_MATCH = YES;
				COPY_PHASE_STRIP = NO;
				DEBUG_INFORMATION_FORMAT = dwarf;
				ENABLE_STRICT_OBJC_MSGSEND = YES;
				ENABLE_TESTABILITY = YES;
				GCC_C_LANGUAGE_STANDARD = gnu11;
				GCC_DYNAMIC_NO_PIC = NO;
				GCC_NO_COMMON_BLOCKS = YES;
				GCC_OPTIMIZATION_LEVEL = 0;
				GCC_PREPROCESSOR_DEFINITIONS = (
					"DEBUG=1",
					"$(inherited)",
				);
				GCC_WARN_64_TO_32_BIT_CONVERSION = YES;
				GCC_WARN_ABOUT_RETURN_TYPE = YES_ERROR;
				GCC_WARN_UNDECLARED_SELECTOR = YES;
				GCC_WARN_UNINITIALIZED_AUTOS = YES_AGGRESSIVE;
				GCC_WARN_UNUSED_FUNCTION = YES;
				GCC_WARN_UNUSED_VARIABLE = YES;
				IPHONEOS_DEPLOYMENT_TARGET = 14.3;
				MTL_ENABLE_DEBUG_INFO = INCLUDE_SOURCE;
				MTL_FAST_MATH = YES;
				ONLY_ACTIVE_ARCH = YES;
				SDKROOT = iphoneos;
				SWIFT_ACTIVE_COMPILATION_CONDITIONS = DEBUG;
				SWIFT_OPTIMIZATION_LEVEL = "-Onone";
			};
			name = Debug;
		};
		56AC752526022B8400083142 /* Release */ = {
			isa = XCBuildConfiguration;
			buildSettings = {
				ALWAYS_SEARCH_USER_PATHS = NO;
				CLANG_ANALYZER_NONNULL = YES;
				CLANG_ANALYZER_NUMBER_OBJECT_CONVERSION = YES_AGGRESSIVE;
				CLANG_CXX_LANGUAGE_STANDARD = "gnu++14";
				CLANG_CXX_LIBRARY = "libc++";
				CLANG_ENABLE_MODULES = YES;
				CLANG_ENABLE_OBJC_ARC = YES;
				CLANG_ENABLE_OBJC_WEAK = YES;
				CLANG_WARN_BLOCK_CAPTURE_AUTORELEASING = YES;
				CLANG_WARN_BOOL_CONVERSION = YES;
				CLANG_WARN_COMMA = YES;
				CLANG_WARN_CONSTANT_CONVERSION = YES;
				CLANG_WARN_DEPRECATED_OBJC_IMPLEMENTATIONS = YES;
				CLANG_WARN_DIRECT_OBJC_ISA_USAGE = YES_ERROR;
				CLANG_WARN_DOCUMENTATION_COMMENTS = YES;
				CLANG_WARN_EMPTY_BODY = YES;
				CLANG_WARN_ENUM_CONVERSION = YES;
				CLANG_WARN_INFINITE_RECURSION = YES;
				CLANG_WARN_INT_CONVERSION = YES;
				CLANG_WARN_NON_LITERAL_NULL_CONVERSION = YES;
				CLANG_WARN_OBJC_IMPLICIT_RETAIN_SELF = YES;
				CLANG_WARN_OBJC_LITERAL_CONVERSION = YES;
				CLANG_WARN_OBJC_ROOT_CLASS = YES_ERROR;
				CLANG_WARN_QUOTED_INCLUDE_IN_FRAMEWORK_HEADER = YES;
				CLANG_WARN_RANGE_LOOP_ANALYSIS = YES;
				CLANG_WARN_STRICT_PROTOTYPES = YES;
				CLANG_WARN_SUSPICIOUS_MOVE = YES;
				CLANG_WARN_UNGUARDED_AVAILABILITY = YES_AGGRESSIVE;
				CLANG_WARN_UNREACHABLE_CODE = YES;
				CLANG_WARN__DUPLICATE_METHOD_MATCH = YES;
				COPY_PHASE_STRIP = NO;
				DEBUG_INFORMATION_FORMAT = "dwarf-with-dsym";
				ENABLE_NS_ASSERTIONS = NO;
				ENABLE_STRICT_OBJC_MSGSEND = YES;
				GCC_C_LANGUAGE_STANDARD = gnu11;
				GCC_NO_COMMON_BLOCKS = YES;
				GCC_WARN_64_TO_32_BIT_CONVERSION = YES;
				GCC_WARN_ABOUT_RETURN_TYPE = YES_ERROR;
				GCC_WARN_UNDECLARED_SELECTOR = YES;
				GCC_WARN_UNINITIALIZED_AUTOS = YES_AGGRESSIVE;
				GCC_WARN_UNUSED_FUNCTION = YES;
				GCC_WARN_UNUSED_VARIABLE = YES;
				IPHONEOS_DEPLOYMENT_TARGET = 14.3;
				MTL_ENABLE_DEBUG_INFO = NO;
				MTL_FAST_MATH = YES;
				SDKROOT = iphoneos;
				SWIFT_COMPILATION_MODE = wholemodule;
				SWIFT_OPTIMIZATION_LEVEL = "-O";
				VALIDATE_PRODUCT = YES;
			};
			name = Release;
		};
		56AC752726022B8400083142 /* Debug */ = {
			isa = XCBuildConfiguration;
			buildSettings = {
				ASSETCATALOG_COMPILER_APPICON_NAME = AppIcon;
				ASSETCATALOG_COMPILER_GLOBAL_ACCENT_COLOR_NAME = AccentColor;
				CODE_SIGN_STYLE = Automatic;
				INFOPLIST_FILE = gif/Info.plist;
				LD_RUNPATH_SEARCH_PATHS = (
					"$(inherited)",
					"@executable_path/Frameworks",
				);
				PRODUCT_BUNDLE_IDENTIFIER = com.bebrandd.gif;
				PRODUCT_NAME = "$(TARGET_NAME)";
				SWIFT_VERSION = 5.0;
				TARGETED_DEVICE_FAMILY = "1,2";
			};
			name = Debug;
		};
		56AC752826022B8400083142 /* Release */ = {
			isa = XCBuildConfiguration;
			buildSettings = {
				ASSETCATALOG_COMPILER_APPICON_NAME = AppIcon;
				ASSETCATALOG_COMPILER_GLOBAL_ACCENT_COLOR_NAME = AccentColor;
				CODE_SIGN_STYLE = Automatic;
				INFOPLIST_FILE = gif/Info.plist;
				LD_RUNPATH_SEARCH_PATHS = (
					"$(inherited)",
					"@executable_path/Frameworks",
				);
				PRODUCT_BUNDLE_IDENTIFIER = com.bebrandd.gif;
				PRODUCT_NAME = "$(TARGET_NAME)";
				SWIFT_VERSION = 5.0;
				TARGETED_DEVICE_FAMILY = "1,2";
			};
			name = Release;
		};
		56AC752A26022B8400083142 /* Debug */ = {
			isa = XCBuildConfiguration;
			buildSettings = {
				ALWAYS_EMBED_SWIFT_STANDARD_LIBRARIES = YES;
				BUNDLE_LOADER = "$(TEST_HOST)";
				CODE_SIGN_STYLE = Automatic;
				INFOPLIST_FILE = gifTests/Info.plist;
				IPHONEOS_DEPLOYMENT_TARGET = 14.3;
				LD_RUNPATH_SEARCH_PATHS = (
					"$(inherited)",
					"@executable_path/Frameworks",
					"@loader_path/Frameworks",
				);
				PRODUCT_BUNDLE_IDENTIFIER = com.bebrandd.gifTests;
				PRODUCT_NAME = "$(TARGET_NAME)";
				SWIFT_VERSION = 5.0;
				TARGETED_DEVICE_FAMILY = "1,2";
				TEST_HOST = "$(BUILT_PRODUCTS_DIR)/gif.app/gif";
			};
			name = Debug;
		};
		56AC752B26022B8400083142 /* Release */ = {
			isa = XCBuildConfiguration;
			buildSettings = {
				ALWAYS_EMBED_SWIFT_STANDARD_LIBRARIES = YES;
				BUNDLE_LOADER = "$(TEST_HOST)";
				CODE_SIGN_STYLE = Automatic;
				INFOPLIST_FILE = gifTests/Info.plist;
				IPHONEOS_DEPLOYMENT_TARGET = 14.3;
				LD_RUNPATH_SEARCH_PATHS = (
					"$(inherited)",
					"@executable_path/Frameworks",
					"@loader_path/Frameworks",
				);
				PRODUCT_BUNDLE_IDENTIFIER = com.bebrandd.gifTests;
				PRODUCT_NAME = "$(TARGET_NAME)";
				SWIFT_VERSION = 5.0;
				TARGETED_DEVICE_FAMILY = "1,2";
				TEST_HOST = "$(BUILT_PRODUCTS_DIR)/gif.app/gif";
			};
			name = Release;
		};
		56AC752D26022B8400083142 /* Debug */ = {
			isa = XCBuildConfiguration;
			buildSettings = {
				ALWAYS_EMBED_SWIFT_STANDARD_LIBRARIES = YES;
				CODE_SIGN_STYLE = Automatic;
				INFOPLIST_FILE = gifUITests/Info.plist;
				LD_RUNPATH_SEARCH_PATHS = (
					"$(inherited)",
					"@executable_path/Frameworks",
					"@loader_path/Frameworks",
				);
				PRODUCT_BUNDLE_IDENTIFIER = com.bebrandd.gifUITests;
				PRODUCT_NAME = "$(TARGET_NAME)";
				SWIFT_VERSION = 5.0;
				TARGETED_DEVICE_FAMILY = "1,2";
				TEST_TARGET_NAME = gif;
			};
			name = Debug;
		};
		56AC752E26022B8400083142 /* Release */ = {
			isa = XCBuildConfiguration;
			buildSettings = {
				ALWAYS_EMBED_SWIFT_STANDARD_LIBRARIES = YES;
				CODE_SIGN_STYLE = Automatic;
				INFOPLIST_FILE = gifUITests/Info.plist;
				LD_RUNPATH_SEARCH_PATHS = (
					"$(inherited)",
					"@executable_path/Frameworks",
					"@loader_path/Frameworks",
				);
				PRODUCT_BUNDLE_IDENTIFIER = com.bebrandd.gifUITests;
				PRODUCT_NAME = "$(TARGET_NAME)";
				SWIFT_VERSION = 5.0;
				TARGETED_DEVICE_FAMILY = "1,2";
				TEST_TARGET_NAME = gif;
			};
			name = Release;
		};
/* End XCBuildConfiguration section */

/* Begin XCConfigurationList section */
		56AC74F426022B8000083142 /* Build configuration list for PBXProject "gif" */ = {
			isa = XCConfigurationList;
			buildConfigurations = (
				56AC752426022B8400083142 /* Debug */,
				56AC752526022B8400083142 /* Release */,
			);
			defaultConfigurationIsVisible = 0;
			defaultConfigurationName = Release;
		};
		56AC752626022B8400083142 /* Build configuration list for PBXNativeTarget "gif" */ = {
			isa = XCConfigurationList;
			buildConfigurations = (
				56AC752726022B8400083142 /* Debug */,
				56AC752826022B8400083142 /* Release */,
			);
			defaultConfigurationIsVisible = 0;
			defaultConfigurationName = Release;
		};
		56AC752926022B8400083142 /* Build configuration list for PBXNativeTarget "gifTests" */ = {
			isa = XCConfigurationList;
			buildConfigurations = (
				56AC752A26022B8400083142 /* Debug */,
				56AC752B26022B8400083142 /* Release */,
			);
			defaultConfigurationIsVisible = 0;
			defaultConfigurationName = Release;
		};
		56AC752C26022B8400083142 /* Build configuration list for PBXNativeTarget "gifUITests" */ = {
			isa = XCConfigurationList;
			buildConfigurations = (
				56AC752D26022B8400083142 /* Debug */,
				56AC752E26022B8400083142 /* Release */,
			);
			defaultConfigurationIsVisible = 0;
			defaultConfigurationName = Release;
		};
/* End XCConfigurationList section */

/* Begin XCVersionGroup section */
		56AC750526022B8000083142 /* gif.xcdatamodeld */ = {
			isa = XCVersionGroup;
			children = (
				56AC750626022B8000083142 /* gif.xcdatamodel */,
			);
			currentVersion = 56AC750626022B8000083142 /* gif.xcdatamodel */;
			path = gif.xcdatamodeld;
			sourceTree = "<group>";
			versionGroupType = wrapper.xcdatamodel;
		};
/* End XCVersionGroup section */
	};
	rootObject = 56AC74F126022B8000083142 /* Project object */;
}
